<?xml version="1.0" encoding="utf-8"?>
<Project ToolsVersion="4.0" xmlns="http://schemas.microsoft.com/developer/msbuild/2003">
  <ItemGroup>
    <Filter Include="Source Files">
      <UniqueIdentifier>{4FC737F1-C7A5-4376-A066-2A32D752A2FF}</UniqueIdentifier>
      <Extensions>cpp;c;cc;cxx;c++;cppm;ixx;def;odl;idl;hpj;bat;asm;asmx</Extensions>
    </Filter>
    <Filter Include="Header Files">
      <UniqueIdentifier>{93995380-89BD-4b04-88EB-625FBE52EBFB}</UniqueIdentifier>
      <Extensions>h;hh;hpp;hxx;h++;hm;inl;inc;ipp;xsd</Extensions>
    </Filter>
    <Filter Include="Resource Files">
      <UniqueIdentifier>{67DA6AB6-F800-4c08-8B7A-83BB121AAD01}</UniqueIdentifier>
      <Extensions>rc;ico;cur;bmp;dlg;rc2;rct;bin;rgs;gif;jpg;jpeg;jpe;resx;tiff;tif;png;wav;mfcribbon-ms</Extensions>
    </Filter>
    <Filter Include="Source Files\Registration">
      <UniqueIdentifier>{fd28db32-9645-4409-8c4c-f6938eab1a99}</UniqueIdentifier>
    </Filter>
    <Filter Include="Header Files\Registration">
      <UniqueIdentifier>{97218561-4445-46b9-af22-73930e1f69c8}</UniqueIdentifier>
    </Filter>
    <Filter Include="Header Files\Person">
      <UniqueIdentifier>{3cea35b5-ceb7-4594-9002-aa759e6d00ae}</UniqueIdentifier>
    </Filter>
    <Filter Include="Header Files\Vehicle">
      <UniqueIdentifier>{d577154f-6579-42aa-9a47-d9998908b211}</UniqueIdentifier>
    </Filter>
    <Filter Include="Source Files\Tests">
      <UniqueIdentifier>{b0218127-52c1-456c-a3c0-e7df00ebe601}</UniqueIdentifier>
    </Filter>
    <Filter Include="Header Files\Database">
      <UniqueIdentifier>{941d281f-bf2a-403d-b95e-9e6729122810}</UniqueIdentifier>
    </Filter>
    <Filter Include="Source Files\Vehicle">
      <UniqueIdentifier>{b2d9db7f-7315-4611-88ce-d623339aaa35}</UniqueIdentifier>
    </Filter>
    <Filter Include="Header Files\CommandParser">
      <UniqueIdentifier>{cc360d73-0ef4-4814-96aa-9eca7cdaf64a}</UniqueIdentifier>
    </Filter>
    <Filter Include="Source Files\CommandParser">
      <UniqueIdentifier>{9cc850ce-f03a-4978-9102-9731623c6781}</UniqueIdentifier>
    </Filter>
    <Filter Include="Source Files\Person">
      <UniqueIdentifier>{abb0fed3-895e-43d0-9cb7-df087d599bd4}</UniqueIdentifier>
    </Filter>
    <Filter Include="Source Files\Database">
      <UniqueIdentifier>{25db2edc-7236-4f21-9adc-f40f0339e84a}</UniqueIdentifier>
    </Filter>
    <Filter Include="Header Files\enums">
      <UniqueIdentifier>{267a0e42-7c27-4b80-8f29-dd28602e5aec}</UniqueIdentifier>
    </Filter>
  </ItemGroup>
  <ItemGroup>
    <ClCompile Include="Registration.cpp">
      <Filter>Source Files\Registration</Filter>
    </ClCompile>
    <ClCompile Include="RegistrationTests.cpp">
      <Filter>Source Files\Tests</Filter>
    </ClCompile>
    <ClCompile Include="CommandParser.cpp">
      <Filter>Source Files\CommandParser</Filter>
    </ClCompile>
    <ClCompile Include="main.cpp">
      <Filter>Source Files</Filter>
    </ClCompile>
    <ClCompile Include="Vehicle.cpp">
      <Filter>Source Files\Vehicle</Filter>
    </ClCompile>
    <ClCompile Include="Person.cpp">
      <Filter>Source Files\Person</Filter>
    </ClCompile>
    <ClCompile Include="Database.cpp">
      <Filter>Source Files\Database</Filter>
    </ClCompile>
    <ClCompile Include="DatabaseTests.cpp">
      <Filter>Source Files\Tests</Filter>
    </ClCompile>
    <ClCompile Include="VehicleTests.cpp">
      <Filter>Source Files\Tests</Filter>
    </ClCompile>
    <ClCompile Include="PersonTests.cpp">
      <Filter>Source Files\Tests</Filter>
    </ClCompile>
    <ClCompile Include="CommandParserTests.cpp">
      <Filter>Source Files\Tests</Filter>
    </ClCompile>
  </ItemGroup>
  <ItemGroup>
    <ClInclude Include="Registration.h">
      <Filter>Header Files\Registration</Filter>
    </ClInclude>
    <ClInclude Include="Person.h">
      <Filter>Header Files\Person</Filter>
    </ClInclude>
    <ClInclude Include="..\Tests\catch2.hpp">
      <Filter>Header Files</Filter>
    </ClInclude>
    <ClInclude Include="Database.h">
      <Filter>Header Files\Database</Filter>
    </ClInclude>
    <ClInclude Include="CommandParser.h">
      <Filter>Header Files\CommandParser</Filter>
    </ClInclude>
    <ClInclude Include="Vehicle.h">
      <Filter>Header Files\Vehicle</Filter>
    </ClInclude>
    <ClInclude Include="CommandType.h">
      <Filter>Header Files\enums</Filter>
    </ClInclude>
    <ClInclude Include="termcolor.hpp">
      <Filter>Header Files</Filter>
    </ClInclude>
  </ItemGroup>
  <ItemGroup>
    <Text Include="input.txt">
      <Filter>Source Files</Filter>
    </Text>
  </ItemGroup>
</Project>